version = 1
revision = 2
requires-python = ">=3.12"

[[package]]
name = "colorama"
version = "0.4.6"
source = { registry = "https://pypi.org/simple" }
sdist = { url = "https://files.pythonhosted.org/packages/d8/53/6f443c9a4a8358a93a6792e2acffb9d9d5cb0a5cfd8802644b7b1c9a02e4/colorama-0.4.6.tar.gz", hash = "sha256:08695f5cb7ed6e0531a20572697297273c47b8cae5a63ffc6d6ed5c201be6e44", size = 27697, upload-time = "2022-10-25T02:36:22.414Z" }
wheels = [
    { url = "https://files.pythonhosted.org/packages/d1/d6/3965ed04c63042e047cb6a3e6ed1a63a35087b6a609aa3a15ed8ac56c221/colorama-0.4.6-py2.py3-none-any.whl", hash = "sha256:4f1d9991f5acc0ca119f9d443620b77f9d6b33703e51011c16baf57afb285fc6", size = 25335, upload-time = "2022-10-25T02:36:20.889Z" },
]

[[package]]
name = "datetime"
version = "6.0"
source = { registry = "https://pypi.org/simple" }
dependencies = [
    { name = "pytz" },
    { name = "zope-interface" },
]
sdist = { url = "https://files.pythonhosted.org/packages/77/32/decbfd165e9985ba9d8c2d34a39afe5aeba2fc3fe390eb6e9ef1aab98fa8/datetime-6.0.tar.gz", hash = "sha256:c1514936d2f901e10c8e08d83bf04e6c9dbd7ca4f244da94fec980980a3bc4d5", size = 64167, upload-time = "2025-11-25T08:00:34.586Z" }
wheels = [
    { url = "https://files.pythonhosted.org/packages/cf/7a/ea0f3e3ea74be36fc7cf54f966cde732a3de72697983cdb5646b0a4dacde/datetime-6.0-py3-none-any.whl", hash = "sha256:d19988f0657a4e72c9438344157254a8dcad6aea8cd5ae70a5d1b5a75e5dc930", size = 52637, upload-time = "2025-11-25T08:00:33.077Z" },
]

[[package]]
name = "iniconfig"
version = "2.3.0"
source = { registry = "https://pypi.org/simple" }
sdist = { url = "https://files.pythonhosted.org/packages/72/34/14ca021ce8e5dfedc35312d08ba8bf51fdd999c576889fc2c24cb97f4f10/iniconfig-2.3.0.tar.gz", hash = "sha256:c76315c77db068650d49c5b56314774a7804df16fee4402c1f19d6d15d8c4730", size = 20503, upload-time = "2025-10-18T21:55:43.219Z" }
wheels = [
    { url = "https://files.pythonhosted.org/packages/cb/b1/3846dd7f199d53cb17f49cba7e651e9ce294d8497c8c150530ed11865bb8/iniconfig-2.3.0-py3-none-any.whl", hash = "sha256:f631c04d2c48c52b84d0d0549c99ff3859c98df65b3101406327ecc7d53fbf12", size = 7484, upload-time = "2025-10-18T21:55:41.639Z" },
]

[[package]]
name = "ookla-open-data"
version = "0.1.0"
source = { virtual = "." }
dependencies = [
    { name = "datetime" },
    { name = "pytest" },
    { name = "scripts" },
]

[package.metadata]
requires-dist = [
    { name = "datetime", specifier = ">=6.0" },
    { name = "pytest", specifier = ">=9.0.2" },
    { name = "scripts", specifier = ">=3.0" },
]

[[package]]
name = "packaging"
version = "26.0"
source = { registry = "https://pypi.org/simple" }
sdist = { url = "https://files.pythonhosted.org/packages/65/ee/299d360cdc32edc7d2cf530f3accf79c4fca01e96ffc950d8a52213bd8e4/packaging-26.0.tar.gz", hash = "sha256:00243ae351a257117b6a241061796684b084ed1c516a08c48a3f7e147a9d80b4", size = 143416, upload-time = "2026-01-21T20:50:39.064Z" }
wheels = [
    { url = "https://files.pythonhosted.org/packages/b7/b9/c538f279a4e237a006a2c98387d081e9eb060d203d8ed34467cc0f0b9b53/packaging-26.0-py3-none-any.whl", hash = "sha256:b36f1fef9334a5588b4166f8bcd26a14e521f2b55e6b9de3aaa80d3ff7a37529", size = 74366, upload-time = "2026-01-21T20:50:37.788Z" },
]

[[package]]
name = "pluggy"
version = "1.6.0"
source = { registry = "https://pypi.org/simple" }
sdist = { url = "https://files.pythonhosted.org/packages/f9/e2/3e91f31a7d2b083fe6ef3fa267035b518369d9511ffab804f839851d2779/pluggy-1.6.0.tar.gz", hash = "sha256:7dcc130b76258d33b90f61b658791dede3486c3e6bfb003ee5c9bfb396dd22f3", size = 69412, upload-time = "2025-05-15T12:30:07.975Z" }
wheels = [
    { url = "https://files.pythonhosted.org/packages/54/20/4d324d65cc6d9205fabedc306948156824eb9f0ee1633355a8f7ec5c66bf/pluggy-1.6.0-py3-none-any.whl", hash = "sha256:e920276dd6813095e9377c0bc5566d94c932c33b27a3e3945d8389c374dd4746", size = 20538, upload-time = "2025-05-15T12:30:06.134Z" },
]

[[package]]
name = "pygments"
version = "2.19.2"
source = { registry = "https://pypi.org/simple" }
sdist = { url = "https://files.pythonhosted.org/packages/b0/77/a5b8c569bf593b0140bde72ea885a803b82086995367bf2037de0159d924/pygments-2.19.2.tar.gz", hash = "sha256:636cb2477cec7f8952536970bc533bc43743542f70392ae026374600add5b887", size = 4968631, upload-time = "2025-06-21T13:39:12.283Z" }
wheels = [
    { url = "https://files.pythonhosted.org/packages/c7/21/705964c7812476f378728bdf590ca4b771ec72385c533964653c68e86bdc/pygments-2.19.2-py3-none-any.whl", hash = "sha256:86540386c03d588bb81d44bc3928634ff26449851e99741617ecb9037ee5ec0b", size = 1225217, upload-time = "2025-06-21T13:39:07.939Z" },
]

[[package]]
name = "pytest"
version = "9.0.2"
source = { registry = "https://pypi.org/simple" }
dependencies = [
    { name = "colorama", marker = "sys_platform == 'win32'" },
    { name = "iniconfig" },
    { name = "packaging" },
    { name = "pluggy" },
    { name = "pygments" },
]
sdist = { url = "https://files.pythonhosted.org/packages/d1/db/7ef3487e0fb0049ddb5ce41d3a49c235bf9ad299b6a25d5780a89f19230f/pytest-9.0.2.tar.gz", hash = "sha256:75186651a92bd89611d1d9fc20f0b4345fd827c41ccd5c299a868a05d70edf11", size = 1568901, upload-time = "2025-12-06T21:30:51.014Z" }
wheels = [
    { url = "https://files.pythonhosted.org/packages/3b/ab/b3226f0bd7cdcf710fbede2b3548584366da3b19b5021e74f5bde2a8fa3f/pytest-9.0.2-py3-none-any.whl", hash = "sha256:711ffd45bf766d5264d487b917733b453d917afd2b0ad65223959f59089f875b", size = 374801, upload-time = "2025-12-06T21:30:49.154Z" },
]

[[package]]
name = "pytz"
version = "2026.1.post1"
source = { registry = "https://pypi.org/simple" }
sdist = { url = "https://files.pythonhosted.org/packages/56/db/b8721d71d945e6a8ac63c0fc900b2067181dbb50805958d4d4661cf7d277/pytz-2026.1.post1.tar.gz", hash = "sha256:3378dde6a0c3d26719182142c56e60c7f9af7e968076f31aae569d72a0358ee1", size = 321088, upload-time = "2026-03-03T07:47:50.683Z" }
wheels = [
    { url = "https://files.pythonhosted.org/packages/10/99/781fe0c827be2742bcc775efefccb3b048a3a9c6ce9aec0cbf4a101677e5/pytz-2026.1.post1-py2.py3-none-any.whl", hash = "sha256:f2fd16142fda348286a75e1a524be810bb05d444e5a081f37f7affc635035f7a", size = 510489, upload-time = "2026-03-03T07:47:49.167Z" },
]

[[package]]
name = "scripts"
version = "3.0"
source = { registry = "https://pypi.org/simple" }
dependencies = [
    { name = "stua" },
]
sdist = { url = "https://files.pythonhosted.org/packages/41/36/bb5b0b1ec225e87d800986e6524395eb302c15c0f9991cab4d17bae7b5a0/scripts-3.0.tar.gz", hash = "sha256:dbdba267cf9e4b336d3cac2eb862244abb2166c01cc95db704bd26e2ce8a75d3", size = 10014, upload-time = "2023-12-06T17:58:28.353Z" }
wheels = [
    { url = "https://files.pythonhosted.org/packages/41/49/1825670202a0619ac42c61147c0e5361afb84b866c279144dbad5f4a8267/scripts-3.0-py3-none-any.whl", hash = "sha256:ca16a259c79c6bfc9a0431dfdffa6c4001262db2011700ebecf10254e43c6ab7", size = 18965, upload-time = "2023-12-06T17:58:26.167Z" },
]

[[package]]
name = "stua"
version = "0.3"
source = { registry = "https://pypi.org/simple" }
sdist = { url = "https://files.pythonhosted.org/packages/1f/8b/0e841aa2d0594d6c25d1940f37e609102f04e34cc53f42dd4b28fc99a159/stua-0.3.tar.gz", hash = "sha256:9cfa1d9aacb5799d28cef0b72bcc3dff22a93161126cf613637a269c33dc796a", size = 5496, upload-time = "2023-12-06T17:46:44.475Z" }
wheels = [
    { url = "https://files.pythonhosted.org/packages/d4/b9/0a8e7e66bf02ec3c7f4f5be0765cba0dec6f6acd074c956eb2b49bf33f39/stua-0.3-py3-none-any.whl", hash = "sha256:a37ad62d45543744d69266c68030d55e05d97a35c7d707ffe11df676d315f227", size = 8350, upload-time = "2023-12-06T17:46:42.537Z" },
]

[[package]]
name = "zope-interface"
version = "8.2"
source = { registry = "https://pypi.org/simple" }
sdist = { url = "https://files.pythonhosted.org/packages/86/a4/77daa5ba398996d16bb43fc721599d27d03eae68fe3c799de1963c72e228/zope_interface-8.2.tar.gz", hash = "sha256:afb20c371a601d261b4f6edb53c3c418c249db1a9717b0baafc9a9bb39ba1224", size = 254019, upload-time = "2026-01-09T07:51:07.253Z" }
wheels = [
    { url = "https://files.pythonhosted.org/packages/e0/a0/1e1fabbd2e9c53ef92b69df6d14f4adc94ec25583b1380336905dc37e9a0/zope_interface-8.2-cp312-cp312-macosx_10_9_x86_64.whl", hash = "sha256:624b6787fc7c3e45fa401984f6add2c736b70a7506518c3b537ffaacc4b29d4c", size = 208785, upload-time = "2026-01-09T08:05:17.348Z" },
    { url = "https://files.pythonhosted.org/packages/c3/2a/88d098a06975c722a192ef1fb7d623d1b57c6a6997cf01a7aabb45ab1970/zope_interface-8.2-cp312-cp312-macosx_11_0_arm64.whl", hash = "sha256:bc9ded9e97a0ed17731d479596ed1071e53b18e6fdb2fc33af1e43f5fd2d3aaa", size = 208976, upload-time = "2026-01-09T08:05:18.792Z" },
    { url = "https://files.pythonhosted.org/packages/e9/e8/757398549fdfd2f8c89f32c82ae4d2f0537ae2a5d2f21f4a2f711f5a059f/zope_interface-8.2-cp312-cp312-manylinux1_i686.manylinux2014_i686.manylinux_2_17_i686.manylinux_2_5_i686.whl", hash = "sha256:532367553e4420c80c0fc0cabcc2c74080d495573706f66723edee6eae53361d", size = 259411, upload-time = "2026-01-09T08:05:20.567Z" },
    { url = "https://files.pythonhosted.org/packages/91/af/502601f0395ce84dff622f63cab47488657a04d0065547df42bee3a680ff/zope_interface-8.2-cp312-cp312-manylinux1_x86_64.manylinux2014_x86_64.manylinux_2_17_x86_64.manylinux_2_5_x86_64.whl", hash = "sha256:2bf9cf275468bafa3c72688aad8cfcbe3d28ee792baf0b228a1b2d93bd1d541a", size = 264859, upload-time = "2026-01-09T08:05:22.234Z" },
    { url = "https://files.pythonhosted.org/packages/89/0c/d2f765b9b4814a368a7c1b0ac23b68823c6789a732112668072fe596945d/zope_interface-8.2-cp312-cp312-manylinux2014_aarch64.manylinux_2_17_aarch64.whl", hash = "sha256:0009d2d3c02ea783045d7804da4fd016245e5c5de31a86cebba66dd6914d59a2", size = 264398, upload-time = "2026-01-09T08:05:23.853Z" },
    { url = "https://files.pythonhosted.org/packages/4a/81/2f171fbc4222066957e6b9220c4fb9146792540102c37e6d94e5d14aad97/zope_interface-8.2-cp312-cp312-win_amd64.whl", hash = "sha256:845d14e580220ae4544bd4d7eb800f0b6034fe5585fc2536806e0a26c2ee6640", size = 212444, upload-time = "2026-01-09T08:05:25.148Z" },
    { url = "https://files.pythonhosted.org/packages/66/47/45188fb101fa060b20e6090e500682398ab415e516a0c228fbb22bc7def2/zope_interface-8.2-cp313-cp313-macosx_10_9_x86_64.whl", hash = "sha256:6068322004a0158c80dfd4708dfb103a899635408c67c3b10e9acec4dbacefec", size = 209170, upload-time = "2026-01-09T08:05:26.616Z" },
    { url = "https://files.pythonhosted.org/packages/09/03/f6b9336c03c2b48403c4eb73a1ec961d94dc2fb5354c583dfb5fa05fd41f/zope_interface-8.2-cp313-cp313-macosx_11_0_arm64.whl", hash = "sha256:2499de92e8275d0dd68f84425b3e19e9268cd1fa8507997900fa4175f157733c", size = 209229, upload-time = "2026-01-09T08:05:28.521Z" },
    { url = "https://files.pythonhosted.org/packages/07/b1/65fe1dca708569f302ade02e6cdca309eab6752bc9f80105514f5b708651/zope_interface-8.2-cp313-cp313-manylinux1_i686.manylinux2014_i686.manylinux_2_17_i686.manylinux_2_5_i686.whl", hash = "sha256:f777e68c76208503609c83ca021a6864902b646530a1a39abb9ed310d1100664", size = 259393, upload-time = "2026-01-09T08:05:29.897Z" },
    { url = "https://files.pythonhosted.org/packages/eb/a5/97b49cfceb6ed53d3dcfb3f3ebf24d83b5553194f0337fbbb3a9fec6cf78/zope_interface-8.2-cp313-cp313-manylinux1_x86_64.manylinux2014_x86_64.manylinux_2_17_x86_64.manylinux_2_5_x86_64.whl", hash = "sha256:9b05a919fdb0ed6ea942e5a7800e09a8b6cdae6f98fee1bef1c9d1a3fc43aaa0", size = 264863, upload-time = "2026-01-09T08:05:31.501Z" },
    { url = "https://files.pythonhosted.org/packages/cb/02/0b7a77292810efe3a0586a505b077ebafd5114e10c6e6e659f0c8e387e1f/zope_interface-8.2-cp313-cp313-manylinux2014_aarch64.manylinux_2_17_aarch64.whl", hash = "sha256:ccc62b5712dd7bd64cfba3ee63089fb11e840f5914b990033beeae3b2180b6cb", size = 264369, upload-time = "2026-01-09T08:05:32.941Z" },
    { url = "https://files.pythonhosted.org/packages/fb/1d/0d1ff3846302ed1b5bbf659316d8084b30106770a5f346b7ff4e9f540f80/zope_interface-8.2-cp313-cp313-win_amd64.whl", hash = "sha256:34f877d1d3bb7565c494ed93828fa6417641ca26faf6e8f044e0d0d500807028", size = 212447, upload-time = "2026-01-09T08:05:35.064Z" },
    { url = "https://files.pythonhosted.org/packages/1a/da/3c89de3917751446728b8898b4d53318bc2f8f6bf8196e150a063c59905e/zope_interface-8.2-cp314-cp314-macosx_10_9_x86_64.whl", hash = "sha256:46c7e4e8cbc698398a67e56ca985d19cb92365b4aafbeb6a712e8c101090f4cb", size = 209223, upload-time = "2026-01-09T08:05:36.449Z" },
    { url = "https://files.pythonhosted.org/packages/00/7f/62d00ec53f0a6e5df0c984781e6f3999ed265129c4c3413df8128d1e0207/zope_interface-8.2-cp314-cp314-macosx_11_0_arm64.whl", hash = "sha256:a87fc7517f825a97ff4a4ca4c8a950593c59e0f8e7bfe1b6f898a38d5ba9f9cf", size = 209366, upload-time = "2026-01-09T08:05:38.197Z" },
    { url = "https://files.pythonhosted.org/packages/ef/a2/f241986315174be8e00aabecfc2153cf8029c1327cab8ed53a9d979d7e08/zope_interface-8.2-cp314-cp314-manylinux1_i686.manylinux2014_i686.manylinux_2_17_i686.manylinux_2_5_i686.whl", hash = "sha256:ccf52f7d44d669203c2096c1a0c2c15d52e36b2e7a9413df50f48392c7d4d080", size = 261037, upload-time = "2026-01-09T08:05:39.568Z" },
    { url = "https://files.pythonhosted.org/packages/02/cc/b321c51d6936ede296a1b8860cf173bee2928357fe1fff7f97234899173f/zope_interface-8.2-cp314-cp314-manylinux1_x86_64.manylinux2014_x86_64.manylinux_2_17_x86_64.manylinux_2_5_x86_64.whl", hash = "sha256:aae807efc7bd26302eb2fea05cd6de7d59269ed6ae23a6de1ee47add6de99b8c", size = 264219, upload-time = "2026-01-09T08:05:41.624Z" },
    { url = "https://files.pythonhosted.org/packages/ab/fb/5f5e7b40a2f4efd873fe173624795ca47eaa22e29051270c981361b45209/zope_interface-8.2-cp314-cp314-manylinux2014_aarch64.manylinux_2_17_aarch64.whl", hash = "sha256:05a0e42d6d830f547e114de2e7cd15750dc6c0c78f8138e6c5035e51ddfff37c", size = 264390, upload-time = "2026-01-09T08:05:42.936Z" },
    { url = "https://files.pythonhosted.org/packages/f9/82/3f2bc594370bc3abd58e5f9085d263bf682a222f059ed46275cde0570810/zope_interface-8.2-cp314-cp314-win_amd64.whl", hash = "sha256:561ce42390bee90bae51cf1c012902a8033b2aaefbd0deed81e877562a116d48", size = 212585, upload-time = "2026-01-09T08:05:44.419Z" },
]
